{
  "name": "learn-npm",
  "version": "1.0.0",
  "lockfileVersion": 3,
  "requires": true,
  "packages": {
    "": {
      "name": "learn-npm",
      "version": "1.0.0",
      "license": "MIT",
      "dependencies": {
        "isprime": "^0.0.2"
      }
    },
    "node_modules/isprime": {
      "version": "0.0.2",
      "resolved": "https://registry.npmjs.org/isprime/-/isprime-0.0.2.tgz",
      "integrity": "sha512-rffkczs9biUfFhf7f9ceplMLOU+cVjKysKP1KTP2tyY+KJfdZHXdMpqf78O2p1PNSV8BM7I6Cu5RN83jOjQg9Q=="
    }
  }
}
